
Microsoft Visual Studio Solution File, Format Version 12.00
# Visual Studio Version 16
VisualStudioVersion = 16.0.30523.141
MinimumVisualStudioVersion = 10.0.40219.1
Project("{8BC9CEB8-8B4A-11D0-8D11-00A0C91BC942}") = "Zad1", "Zad1.vcxproj", "{1D633291-4CE2-492E-A9E2-F52CB0C07C55}"
EndProject
Global
	GlobalSection(SolutionConfigurationPlatforms) = preSolution
		Debug|x64 = Debug|x64
		Debug|x86 = Debug|x86
		Release|x64 = Release|x64
		Release|x86 = Release|x86
	EndGlobalSection
	GlobalSection(ProjectConfigurationPlatforms) = postSolution
		{1D633291-4CE2-492E-A9E2-F52CB0C07C55}.Debug|x64.ActiveCfg = Debug|x64
		{1D633291-4CE2-492E-A9E2-F52CB0C07C55}.Debug|x64.Build.0 = Debug|x64
		{1D633291-4CE2-492E-A9E2-F52CB0C07C55}.Debug|x86.ActiveCfg = Debug|Win32
		{1D633291-4CE2-492E-A9E2-F52CB0C07C55}.Debug|x86.Build.0 = Debug|Win32
		{1D633291-4CE2-492E-A9E2-F52CB0C07C55}.Release|x64.ActiveCfg = Release|x64
		{1D633291-4CE2-492E-A9E2-F52CB0C07C55}.Release|x64.Build.0 = Release|x64
		{1D633291-4CE2-492E-A9E2-F52CB0C07C55}.Release|x86.ActiveCfg = Release|Win32
		{1D633291-4CE2-492E-A9E2-F52CB0C07C55}.Release|x86.Build.0 = Release|Win32
	EndGlobalSection
	GlobalSection(SolutionProperties) = preSolution
		HideSolutionNode = FALSE
	EndGlobalSection
	GlobalSection(ExtensibilityGlobals) = postSolution
		SolutionGuid = {C6AD428D-B705-4821-A81C-9709DBEFBDE4}
	EndGlobalSection
EndGlobal
