
Microsoft Visual Studio Solution File, Format Version 12.00
# Visual Studio Version 16
VisualStudioVersion = 16.0.30523.141
MinimumVisualStudioVersion = 10.0.40219.1
Project("{888888A0-9F3D-457C-B088-3A5042F75D52}") = "Algorytmy Sortowania_Terelak", "Algorytmy Sortowania_Terelak.pyproj", "{F30D3E8B-8A40-4783-A8A8-95F9AA6069C4}"
EndProject
Global
	GlobalSection(SolutionConfigurationPlatforms) = preSolution
		Debug|Any CPU = Debug|Any CPU
		Release|Any CPU = Release|Any CPU
	EndGlobalSection
	GlobalSection(ProjectConfigurationPlatforms) = postSolution
		{F30D3E8B-8A40-4783-A8A8-95F9AA6069C4}.Debug|Any CPU.ActiveCfg = Debug|Any CPU
		{F30D3E8B-8A40-4783-A8A8-95F9AA6069C4}.Release|Any CPU.ActiveCfg = Release|Any CPU
	EndGlobalSection
	GlobalSection(SolutionProperties) = preSolution
		HideSolutionNode = FALSE
	EndGlobalSection
	GlobalSection(ExtensibilityGlobals) = postSolution
		SolutionGuid = {6AB7549B-7C0C-42AB-92A5-E0D8A4F9F113}
	EndGlobalSection
EndGlobal
