
Microsoft Visual Studio Solution File, Format Version 12.00
# Visual Studio Version 16
VisualStudioVersion = 16.0.30523.141
MinimumVisualStudioVersion = 10.0.40219.1
Project("{FAE04EC0-301F-11D3-BF4B-00C04F79EFBC}") = "Kalkulator Terelak 8.03.2022", "Kalkulator Terelak 8.03.2022.csproj", "{3635730D-3638-447C-AEB7-56C0ACCC2187}"
EndProject
Global
	GlobalSection(SolutionConfigurationPlatforms) = preSolution
		Debug|Any CPU = Debug|Any CPU
		Release|Any CPU = Release|Any CPU
	EndGlobalSection
	GlobalSection(ProjectConfigurationPlatforms) = postSolution
		{3635730D-3638-447C-AEB7-56C0ACCC2187}.Debug|Any CPU.ActiveCfg = Debug|Any CPU
		{3635730D-3638-447C-AEB7-56C0ACCC2187}.Debug|Any CPU.Build.0 = Debug|Any CPU
		{3635730D-3638-447C-AEB7-56C0ACCC2187}.Release|Any CPU.ActiveCfg = Release|Any CPU
		{3635730D-3638-447C-AEB7-56C0ACCC2187}.Release|Any CPU.Build.0 = Release|Any CPU
	EndGlobalSection
	GlobalSection(SolutionProperties) = preSolution
		HideSolutionNode = FALSE
	EndGlobalSection
	GlobalSection(ExtensibilityGlobals) = postSolution
		SolutionGuid = {2B028FC1-7303-4B8D-8E52-F373FC9C5B78}
	EndGlobalSection
EndGlobal
